
Microsoft Visual Studio Solution File, Format Version 12.00
# Visual Studio Version 17
VisualStudioVersion = 17.8.34330.188
MinimumVisualStudioVersion = 10.0.40219.1
Project("{9A19103F-16F7-4668-BE54-9A1E7A4F7556}") = "PedagioPayPortalUsuario", "PedagioPayPortalUsuario\PedagioPayPortalUsuario.csproj", "{09C4AC79-34AF-4493-9B69-C00A5A5B5E3E}"
EndProject
Global
	GlobalSection(SolutionConfigurationPlatforms) = preSolution
		Debug|Any CPU = Debug|Any CPU
		Release|Any CPU = Release|Any CPU
	EndGlobalSection
	GlobalSection(ProjectConfigurationPlatforms) = postSolution
		{09C4AC79-34AF-4493-9B69-C00A5A5B5E3E}.Debug|Any CPU.ActiveCfg = Debug|Any CPU
		{09C4AC79-34AF-4493-9B69-C00A5A5B5E3E}.Debug|Any CPU.Build.0 = Debug|Any CPU
		{09C4AC79-34AF-4493-9B69-C00A5A5B5E3E}.Release|Any CPU.ActiveCfg = Release|Any CPU
		{09C4AC79-34AF-4493-9B69-C00A5A5B5E3E}.Release|Any CPU.Build.0 = Release|Any CPU
	EndGlobalSection
	GlobalSection(SolutionProperties) = preSolution
		HideSolutionNode = FALSE
	EndGlobalSection
	GlobalSection(ExtensibilityGlobals) = postSolution
		SolutionGuid = {6B3C604F-06FF-49A3-82F9-A1306CF89B2B}
	EndGlobalSection
EndGlobal
